// !$*UTF8*$!
{
	archiveVersion = 1;
	classes = {
	};
	objectVersion = 51;
	objects = {

/* Begin PBXBuildFile section */
		4883A1321F1A881748EB7C8B /* Pods_CurrencyTracker.framework in Frameworks */ = {isa = PBXBuildFile; fileRef = 9CCA5A81D5EB12C86E9A2E8D /* Pods_CurrencyTracker.framework */; };
		6C00F7EA23BC064D001A72CE /* AppDelegate.swift in Sources */ = {isa = PBXBuildFile; fileRef = 6C00F7E923BC064D001A72CE /* AppDelegate.swift */; };
		6C00F7EC23BC064D001A72CE /* SceneDelegate.swift in Sources */ = {isa = PBXBuildFile; fileRef = 6C00F7EB23BC064D001A72CE /* SceneDelegate.swift */; };
		6C00F7EE23BC064D001A72CE /* MainViewController.swift in Sources */ = {isa = PBXBuildFile; fileRef = 6C00F7ED23BC064D001A72CE /* MainViewController.swift */; };
		6C00F7F423BC064D001A72CE /* CurrencyTracker.xcdatamodeld in Sources */ = {isa = PBXBuildFile; fileRef = 6C00F7F223BC064D001A72CE /* CurrencyTracker.xcdatamodeld */; };
		6C00F7F623BC0651001A72CE /* Assets.xcassets in Resources */ = {isa = PBXBuildFile; fileRef = 6C00F7F523BC0651001A72CE /* Assets.xcassets */; };
		6C00F7F923BC0651001A72CE /* LaunchScreen.storyboard in Resources */ = {isa = PBXBuildFile; fileRef = 6C00F7F723BC0651001A72CE /* LaunchScreen.storyboard */; };
		6C1DEC5823D3DDC200F80130 /* CurrencyEnums.swift in Sources */ = {isa = PBXBuildFile; fileRef = 6C1DEC5723D3DDC200F80130 /* CurrencyEnums.swift */; };
		6C1DEC5A23D419A800F80130 /* DetailsViewController.swift in Sources */ = {isa = PBXBuildFile; fileRef = 6C1DEC5923D419A800F80130 /* DetailsViewController.swift */; };
		6C1DEC6023DD561C00F80130 /* DateHeader.swift in Sources */ = {isa = PBXBuildFile; fileRef = 6C1DEC5F23DD561C00F80130 /* DateHeader.swift */; };
		6C1DEC6223DD5CE900F80130 /* UIViewController+Ext.swift in Sources */ = {isa = PBXBuildFile; fileRef = 6C1DEC6123DD5CE900F80130 /* UIViewController+Ext.swift */; };
		6C1DEC6423E1564D00F80130 /* PopAnimator.swift in Sources */ = {isa = PBXBuildFile; fileRef = 6C1DEC6323E1564D00F80130 /* PopAnimator.swift */; };
		6C28A91723C18B6B00124967 /* CryptoCell.swift in Sources */ = {isa = PBXBuildFile; fileRef = 6C28A91623C18B6B00124967 /* CryptoCell.swift */; };
		6C74AFD923EFC2C4004B777C /* CardView.swift in Sources */ = {isa = PBXBuildFile; fileRef = 6C74AFD823EFC2C4004B777C /* CardView.swift */; };
		6C74AFDB23EFC30B004B777C /* LogoView.swift in Sources */ = {isa = PBXBuildFile; fileRef = 6C74AFDA23EFC30B004B777C /* LogoView.swift */; };
		6C74AFDD23EFC696004B777C /* UIColor+Ext.swift in Sources */ = {isa = PBXBuildFile; fileRef = 6C74AFDC23EFC696004B777C /* UIColor+Ext.swift */; };
		6C74AFE423F28580004B777C /* GraphChildViewController.swift in Sources */ = {isa = PBXBuildFile; fileRef = 6C74AFE323F28580004B777C /* GraphChildViewController.swift */; };
		6C74AFE623F3DA79004B777C /* Notification+Ext.swift in Sources */ = {isa = PBXBuildFile; fileRef = 6C74AFE523F3DA79004B777C /* Notification+Ext.swift */; };
		6C89A43B23CC395C00430B20 /* CurrencyModelNetwork.swift in Sources */ = {isa = PBXBuildFile; fileRef = 6C89A43A23CC395C00430B20 /* CurrencyModelNetwork.swift */; };
		6CC6E76E23C5B4F5001E4F39 /* NetworkManager.swift in Sources */ = {isa = PBXBuildFile; fileRef = 6CC6E76D23C5B4F5001E4F39 /* NetworkManager.swift */; };
/* End PBXBuildFile section */

/* Begin PBXFileReference section */
		6C00F7E623BC064D001A72CE /* CurrencyTracker.app */ = {isa = PBXFileReference; explicitFileType = wrapper.application; includeInIndex = 0; path = CurrencyTracker.app; sourceTree = BUILT_PRODUCTS_DIR; };
		6C00F7E923BC064D001A72CE /* AppDelegate.swift */ = {isa = PBXFileReference; lastKnownFileType = sourcecode.swift; path = AppDelegate.swift; sourceTree = "<group>"; };
		6C00F7EB23BC064D001A72CE /* SceneDelegate.swift */ = {isa = PBXFileReference; lastKnownFileType = sourcecode.swift; path = SceneDelegate.swift; sourceTree = "<group>"; };
		6C00F7ED23BC064D001A72CE /* MainViewController.swift */ = {isa = PBXFileReference; lastKnownFileType = sourcecode.swift; path = MainViewController.swift; sourceTree = "<group>"; };
		6C00F7F323BC064D001A72CE /* CurrencyTracker.xcdatamodel */ = {isa = PBXFileReference; lastKnownFileType = wrapper.xcdatamodel; path = CurrencyTracker.xcdatamodel; sourceTree = "<group>"; };
		6C00F7F523BC0651001A72CE /* Assets.xcassets */ = {isa = PBXFileReference; lastKnownFileType = folder.assetcatalog; path = Assets.xcassets; sourceTree = "<group>"; };
		6C00F7F823BC0651001A72CE /* Base */ = {isa = PBXFileReference; lastKnownFileType = file.storyboard; name = Base; path = Base.lproj/LaunchScreen.storyboard; sourceTree = "<group>"; };
		6C00F7FA23BC0651001A72CE /* Info.plist */ = {isa = PBXFileReference; lastKnownFileType = text.plist.xml; path = Info.plist; sourceTree = "<group>"; };
		6C1DEC5723D3DDC200F80130 /* CurrencyEnums.swift */ = {isa = PBXFileReference; lastKnownFileType = sourcecode.swift; path = CurrencyEnums.swift; sourceTree = "<group>"; };
		6C1DEC5923D419A800F80130 /* DetailsViewController.swift */ = {isa = PBXFileReference; lastKnownFileType = sourcecode.swift; path = DetailsViewController.swift; sourceTree = "<group>"; };
		6C1DEC5F23DD561C00F80130 /* DateHeader.swift */ = {isa = PBXFileReference; lastKnownFileType = sourcecode.swift; path = DateHeader.swift; sourceTree = "<group>"; };
		6C1DEC6123DD5CE900F80130 /* UIViewController+Ext.swift */ = {isa = PBXFileReference; lastKnownFileType = sourcecode.swift; path = "UIViewController+Ext.swift"; sourceTree = "<group>"; };
		6C1DEC6323E1564D00F80130 /* PopAnimator.swift */ = {isa = PBXFileReference; lastKnownFileType = sourcecode.swift; path = PopAnimator.swift; sourceTree = "<group>"; };
		6C28A91623C18B6B00124967 /* CryptoCell.swift */ = {isa = PBXFileReference; fileEncoding = 4; lastKnownFileType = sourcecode.swift; path = CryptoCell.swift; sourceTree = "<group>"; };
		6C74AFD823EFC2C4004B777C /* CardView.swift */ = {isa = PBXFileReference; lastKnownFileType = sourcecode.swift; path = CardView.swift; sourceTree = "<group>"; };
		6C74AFDA23EFC30B004B777C /* LogoView.swift */ = {isa = PBXFileReference; lastKnownFileType = sourcecode.swift; path = LogoView.swift; sourceTree = "<group>"; };
		6C74AFDC23EFC696004B777C /* UIColor+Ext.swift */ = {isa = PBXFileReference; lastKnownFileType = sourcecode.swift; path = "UIColor+Ext.swift"; sourceTree = "<group>"; };
		6C74AFE323F28580004B777C /* GraphChildViewController.swift */ = {isa = PBXFileReference; lastKnownFileType = sourcecode.swift; path = GraphChildViewController.swift; sourceTree = "<group>"; };
		6C74AFE523F3DA79004B777C /* Notification+Ext.swift */ = {isa = PBXFileReference; lastKnownFileType = sourcecode.swift; path = "Notification+Ext.swift"; sourceTree = "<group>"; };
		6C89A43A23CC395C00430B20 /* CurrencyModelNetwork.swift */ = {isa = PBXFileReference; fileEncoding = 4; lastKnownFileType = sourcecode.swift; path = CurrencyModelNetwork.swift; sourceTree = "<group>"; };
		6CC6E76D23C5B4F5001E4F39 /* NetworkManager.swift */ = {isa = PBXFileReference; lastKnownFileType = sourcecode.swift; path = NetworkManager.swift; sourceTree = "<group>"; };
		8BAE517601BFB6D5EA3C0949 /* Pods-CurrencyTracker.debug.xcconfig */ = {isa = PBXFileReference; includeInIndex = 1; lastKnownFileType = text.xcconfig; name = "Pods-CurrencyTracker.debug.xcconfig"; path = "Target Support Files/Pods-CurrencyTracker/Pods-CurrencyTracker.debug.xcconfig"; sourceTree = "<group>"; };
		9CCA5A81D5EB12C86E9A2E8D /* Pods_CurrencyTracker.framework */ = {isa = PBXFileReference; explicitFileType = wrapper.framework; includeInIndex = 0; path = Pods_CurrencyTracker.framework; sourceTree = BUILT_PRODUCTS_DIR; };
		E41A1E05E463E73EF5A0A825 /* Pods-CurrencyTracker.release.xcconfig */ = {isa = PBXFileReference; includeInIndex = 1; lastKnownFileType = text.xcconfig; name = "Pods-CurrencyTracker.release.xcconfig"; path = "Target Support Files/Pods-CurrencyTracker/Pods-CurrencyTracker.release.xcconfig"; sourceTree = "<group>"; };
/* End PBXFileReference section */

/* Begin PBXFrameworksBuildPhase section */
		6C00F7E323BC064D001A72CE /* Frameworks */ = {
			isa = PBXFrameworksBuildPhase;
			buildActionMask = 2147483647;
			files = (
				4883A1321F1A881748EB7C8B /* Pods_CurrencyTracker.framework in Frameworks */,
			);
			runOnlyForDeploymentPostprocessing = 0;
		};
/* End PBXFrameworksBuildPhase section */

/* Begin PBXGroup section */
		0A977F1C9C880D12DD766AFE /* Pods */ = {
			isa = PBXGroup;
			children = (
				8BAE517601BFB6D5EA3C0949 /* Pods-CurrencyTracker.debug.xcconfig */,
				E41A1E05E463E73EF5A0A825 /* Pods-CurrencyTracker.release.xcconfig */,
			);
			path = Pods;
			sourceTree = "<group>";
		};
		6C00F7DD23BC064D001A72CE = {
			isa = PBXGroup;
			children = (
				6C00F7E823BC064D001A72CE /* CurrencyTracker */,
				6C00F7E723BC064D001A72CE /* Products */,
				0A977F1C9C880D12DD766AFE /* Pods */,
				BD441B42097F0F52DD95E77F /* Frameworks */,
			);
			sourceTree = "<group>";
		};
		6C00F7E723BC064D001A72CE /* Products */ = {
			isa = PBXGroup;
			children = (
				6C00F7E623BC064D001A72CE /* CurrencyTracker.app */,
			);
			name = Products;
			sourceTree = "<group>";
		};
		6C00F7E823BC064D001A72CE /* CurrencyTracker */ = {
			isa = PBXGroup;
			children = (
				6C00F7E923BC064D001A72CE /* AppDelegate.swift */,
				6C00F7EB23BC064D001A72CE /* SceneDelegate.swift */,
				6C1DEC5E23D42D0E00F80130 /* View Controllers */,
				6C1DEC5B23D42CCA00F80130 /* Views */,
				6CC6E77123C67A43001E4F39 /* Managers */,
				6C76016F23CBCB18004C2F7D /* Models */,
				6C74AFE223F27EEA004B777C /* ExtensionsAndUtilities */,
				6C00F7F523BC0651001A72CE /* Assets.xcassets */,
				6C00F7F723BC0651001A72CE /* LaunchScreen.storyboard */,
				6C00F7FA23BC0651001A72CE /* Info.plist */,
				6C00F7F223BC064D001A72CE /* CurrencyTracker.xcdatamodeld */,
			);
			path = CurrencyTracker;
			sourceTree = "<group>";
		};
		6C1DEC5B23D42CCA00F80130 /* Views */ = {
			isa = PBXGroup;
			children = (
				6C74AFD823EFC2C4004B777C /* CardView.swift */,
				6C74AFDA23EFC30B004B777C /* LogoView.swift */,
				6C1DEC5F23DD561C00F80130 /* DateHeader.swift */,
				6C28A91623C18B6B00124967 /* CryptoCell.swift */,
			);
			path = Views;
			sourceTree = "<group>";
		};
		6C1DEC5E23D42D0E00F80130 /* View Controllers */ = {
			isa = PBXGroup;
			children = (
				6C00F7ED23BC064D001A72CE /* MainViewController.swift */,
				6C1DEC5923D419A800F80130 /* DetailsViewController.swift */,
				6C74AFE323F28580004B777C /* GraphChildViewController.swift */,
				6C74AFE523F3DA79004B777C /* Notification+Ext.swift */,
			);
			path = "View Controllers";
			sourceTree = "<group>";
		};
		6C74AFE223F27EEA004B777C /* ExtensionsAndUtilities */ = {
			isa = PBXGroup;
			children = (
				6C1DEC6123DD5CE900F80130 /* UIViewController+Ext.swift */,
				6C74AFDC23EFC696004B777C /* UIColor+Ext.swift */,
			);
			path = ExtensionsAndUtilities;
			sourceTree = "<group>";
		};
		6C76016F23CBCB18004C2F7D /* Models */ = {
			isa = PBXGroup;
			children = (
				6C1DEC5723D3DDC200F80130 /* CurrencyEnums.swift */,
				6C89A43A23CC395C00430B20 /* CurrencyModelNetwork.swift */,
			);
			path = Models;
			sourceTree = "<group>";
		};
		6CC6E77123C67A43001E4F39 /* Managers */ = {
			isa = PBXGroup;
			children = (
				6C1DEC6323E1564D00F80130 /* PopAnimator.swift */,
				6CC6E76D23C5B4F5001E4F39 /* NetworkManager.swift */,
			);
			path = Managers;
			sourceTree = "<group>";
		};
		BD441B42097F0F52DD95E77F /* Frameworks */ = {
			isa = PBXGroup;
			children = (
				9CCA5A81D5EB12C86E9A2E8D /* Pods_CurrencyTracker.framework */,
			);
			name = Frameworks;
			sourceTree = "<group>";
		};
/* End PBXGroup section */

/* Begin PBXNativeTarget section */
		6C00F7E523BC064D001A72CE /* CurrencyTracker */ = {
			isa = PBXNativeTarget;
			buildConfigurationList = 6C00F7FD23BC0651001A72CE /* Build configuration list for PBXNativeTarget "CurrencyTracker" */;
			buildPhases = (
				B8DEC7BBF3454E590815DBFB /* [CP] Check Pods Manifest.lock */,
				6C00F7E223BC064D001A72CE /* Sources */,
				6C00F7E323BC064D001A72CE /* Frameworks */,
				6C00F7E423BC064D001A72CE /* Resources */,
				2394D20012CF096629266E42 /* [CP] Embed Pods Frameworks */,
			);
			buildRules = (
			);
			dependencies = (
			);
			name = CurrencyTracker;
			productName = CurrencyTracker;
			productReference = 6C00F7E623BC064D001A72CE /* CurrencyTracker.app */;
			productType = "com.apple.product-type.application";
		};
/* End PBXNativeTarget section */

/* Begin PBXProject section */
		6C00F7DE23BC064D001A72CE /* Project object */ = {
			isa = PBXProject;
			attributes = {
				LastSwiftUpdateCheck = 1130;
				LastUpgradeCheck = 1130;
				ORGANIZATIONNAME = "Reza Takhti";
				TargetAttributes = {
					6C00F7E523BC064D001A72CE = {
						CreatedOnToolsVersion = 11.3;
					};
				};
			};
			buildConfigurationList = 6C00F7E123BC064D001A72CE /* Build configuration list for PBXProject "CurrencyTracker" */;
			compatibilityVersion = "Xcode 9.3";
			developmentRegion = en;
			hasScannedForEncodings = 0;
			knownRegions = (
				en,
				Base,
			);
			mainGroup = 6C00F7DD23BC064D001A72CE;
			productRefGroup = 6C00F7E723BC064D001A72CE /* Products */;
			projectDirPath = "";
			projectRoot = "";
			targets = (
				6C00F7E523BC064D001A72CE /* CurrencyTracker */,
			);
		};
/* End PBXProject section */

/* Begin PBXResourcesBuildPhase section */
		6C00F7E423BC064D001A72CE /* Resources */ = {
			isa = PBXResourcesBuildPhase;
			buildActionMask = 2147483647;
			files = (
				6C00F7F923BC0651001A72CE /* LaunchScreen.storyboard in Resources */,
				6C00F7F623BC0651001A72CE /* Assets.xcassets in Resources */,
			);
			runOnlyForDeploymentPostprocessing = 0;
		};
/* End PBXResourcesBuildPhase section */

/* Begin PBXShellScriptBuildPhase section */
		2394D20012CF096629266E42 /* [CP] Embed Pods Frameworks */ = {
			isa = PBXShellScriptBuildPhase;
			buildActionMask = 2147483647;
			files = (
			);
			inputFileListPaths = (
				"${PODS_ROOT}/Target Support Files/Pods-CurrencyTracker/Pods-CurrencyTracker-frameworks-${CONFIGURATION}-input-files.xcfilelist",
			);
			name = "[CP] Embed Pods Frameworks";
			outputFileListPaths = (
				"${PODS_ROOT}/Target Support Files/Pods-CurrencyTracker/Pods-CurrencyTracker-frameworks-${CONFIGURATION}-output-files.xcfilelist",
			);
			runOnlyForDeploymentPostprocessing = 0;
			shellPath = /bin/sh;
			shellScript = "\"${PODS_ROOT}/Target Support Files/Pods-CurrencyTracker/Pods-CurrencyTracker-frameworks.sh\"\n";
			showEnvVarsInLog = 0;
		};
		B8DEC7BBF3454E590815DBFB /* [CP] Check Pods Manifest.lock */ = {
			isa = PBXShellScriptBuildPhase;
			buildActionMask = 2147483647;
			files = (
			);
			inputFileListPaths = (
			);
			inputPaths = (
				"${PODS_PODFILE_DIR_PATH}/Podfile.lock",
				"${PODS_ROOT}/Manifest.lock",
			);
			name = "[CP] Check Pods Manifest.lock";
			outputFileListPaths = (
			);
			outputPaths = (
				"$(DERIVED_FILE_DIR)/Pods-CurrencyTracker-checkManifestLockResult.txt",
			);
			runOnlyForDeploymentPostprocessing = 0;
			shellPath = /bin/sh;
			shellScript = "diff \"${PODS_PODFILE_DIR_PATH}/Podfile.lock\" \"${PODS_ROOT}/Manifest.lock\" > /dev/null\nif [ $? != 0 ] ; then\n    # print error to STDERR\n    echo \"error: The sandbox is not in sync with the Podfile.lock. Run 'pod install' or update your CocoaPods installation.\" >&2\n    exit 1\nfi\n# This output is used by Xcode 'outputs' to avoid re-running this script phase.\necho \"SUCCESS\" > \"${SCRIPT_OUTPUT_FILE_0}\"\n";
			showEnvVarsInLog = 0;
		};
/* End PBXShellScriptBuildPhase section */

/* Begin PBXSourcesBuildPhase section */
		6C00F7E223BC064D001A72CE /* Sources */ = {
			isa = PBXSourcesBuildPhase;
			buildActionMask = 2147483647;
			files = (
				6C74AFD923EFC2C4004B777C /* CardView.swift in Sources */,
				6C00F7EE23BC064D001A72CE /* MainViewController.swift in Sources */,
				6C89A43B23CC395C00430B20 /* CurrencyModelNetwork.swift in Sources */,
				6C1DEC6223DD5CE900F80130 /* UIViewController+Ext.swift in Sources */,
				6C74AFE623F3DA79004B777C /* Notification+Ext.swift in Sources */,
				6C00F7EA23BC064D001A72CE /* AppDelegate.swift in Sources */,
				6C74AFDD23EFC696004B777C /* UIColor+Ext.swift in Sources */,
				6C1DEC5823D3DDC200F80130 /* CurrencyEnums.swift in Sources */,
				6C28A91723C18B6B00124967 /* CryptoCell.swift in Sources */,
				6CC6E76E23C5B4F5001E4F39 /* NetworkManager.swift in Sources */,
				6C00F7EC23BC064D001A72CE /* SceneDelegate.swift in Sources */,
				6C74AFDB23EFC30B004B777C /* LogoView.swift in Sources */,
				6C00F7F423BC064D001A72CE /* CurrencyTracker.xcdatamodeld in Sources */,
				6C1DEC6423E1564D00F80130 /* PopAnimator.swift in Sources */,
				6C1DEC6023DD561C00F80130 /* DateHeader.swift in Sources */,
				6C74AFE423F28580004B777C /* GraphChildViewController.swift in Sources */,
				6C1DEC5A23D419A800F80130 /* DetailsViewController.swift in Sources */,
			);
			runOnlyForDeploymentPostprocessing = 0;
		};
/* End PBXSourcesBuildPhase section */

/* Begin PBXVariantGroup section */
		6C00F7F723BC0651001A72CE /* LaunchScreen.storyboard */ = {
			isa = PBXVariantGroup;
			children = (
				6C00F7F823BC0651001A72CE /* Base */,
			);
			name = LaunchScreen.storyboard;
			sourceTree = "<group>";
		};
/* End PBXVariantGroup section */

/* Begin XCBuildConfiguration section */
		6C00F7FB23BC0651001A72CE /* Debug */ = {
			isa = XCBuildConfiguration;
			buildSettings = {
				ALWAYS_SEARCH_USER_PATHS = NO;
				CLANG_ANALYZER_NONNULL = YES;
				CLANG_ANALYZER_NUMBER_OBJECT_CONVERSION = YES_AGGRESSIVE;
				CLANG_CXX_LANGUAGE_STANDARD = "gnu++14";
				CLANG_CXX_LIBRARY = "libc++";
				CLANG_ENABLE_MODULES = YES;
				CLANG_ENABLE_OBJC_ARC = YES;
				CLANG_ENABLE_OBJC_WEAK = YES;
				CLANG_WARN_BLOCK_CAPTURE_AUTORELEASING = YES;
				CLANG_WARN_BOOL_CONVERSION = YES;
				CLANG_WARN_COMMA = YES;
				CLANG_WARN_CONSTANT_CONVERSION = YES;
				CLANG_WARN_DEPRECATED_OBJC_IMPLEMENTATIONS = YES;
				CLANG_WARN_DIRECT_OBJC_ISA_USAGE = YES_ERROR;
				CLANG_WARN_DOCUMENTATION_COMMENTS = YES;
				CLANG_WARN_EMPTY_BODY = YES;
				CLANG_WARN_ENUM_CONVERSION = YES;
				CLANG_WARN_INFINITE_RECURSION = YES;
				CLANG_WARN_INT_CONVERSION = YES;
				CLANG_WARN_NON_LITERAL_NULL_CONVERSION = YES;
				CLANG_WARN_OBJC_IMPLICIT_RETAIN_SELF = YES;
				CLANG_WARN_OBJC_LITERAL_CONVERSION = YES;
				CLANG_WARN_OBJC_ROOT_CLASS = YES_ERROR;
				CLANG_WARN_RANGE_LOOP_ANALYSIS = YES;
				CLANG_WARN_STRICT_PROTOTYPES = YES;
				CLANG_WARN_SUSPICIOUS_MOVE = YES;
				CLANG_WARN_UNGUARDED_AVAILABILITY = YES_AGGRESSIVE;
				CLANG_WARN_UNREACHABLE_CODE = YES;
				CLANG_WARN__DUPLICATE_METHOD_MATCH = YES;
				COPY_PHASE_STRIP = NO;
				DEBUG_INFORMATION_FORMAT = dwarf;
				ENABLE_STRICT_OBJC_MSGSEND = YES;
				ENABLE_TESTABILITY = YES;
				GCC_C_LANGUAGE_STANDARD = gnu11;
				GCC_DYNAMIC_NO_PIC = NO;
				GCC_NO_COMMON_BLOCKS = YES;
				GCC_OPTIMIZATION_LEVEL = 0;
				GCC_PREPROCESSOR_DEFINITIONS = (
					"DEBUG=1",
					"$(inherited)",
				);
				GCC_WARN_64_TO_32_BIT_CONVERSION = YES;
				GCC_WARN_ABOUT_RETURN_TYPE = YES_ERROR;
				GCC_WARN_UNDECLARED_SELECTOR = YES;
				GCC_WARN_UNINITIALIZED_AUTOS = YES_AGGRESSIVE;
				GCC_WARN_UNUSED_FUNCTION = YES;
				GCC_WARN_UNUSED_VARIABLE = YES;
				IPHONEOS_DEPLOYMENT_TARGET = 13.2;
				MTL_ENABLE_DEBUG_INFO = INCLUDE_SOURCE;
				MTL_FAST_MATH = YES;
				ONLY_ACTIVE_ARCH = YES;
				SDKROOT = iphoneos;
				SWIFT_ACTIVE_COMPILATION_CONDITIONS = DEBUG;
				SWIFT_OPTIMIZATION_LEVEL = "-Onone";
			};
			name = Debug;
		};
		6C00F7FC23BC0651001A72CE /* Release */ = {
			isa = XCBuildConfiguration;
			buildSettings = {
				ALWAYS_SEARCH_USER_PATHS = NO;
				CLANG_ANALYZER_NONNULL = YES;
				CLANG_ANALYZER_NUMBER_OBJECT_CONVERSION = YES_AGGRESSIVE;
				CLANG_CXX_LANGUAGE_STANDARD = "gnu++14";
				CLANG_CXX_LIBRARY = "libc++";
				CLANG_ENABLE_MODULES = YES;
				CLANG_ENABLE_OBJC_ARC = YES;
				CLANG_ENABLE_OBJC_WEAK = YES;
				CLANG_WARN_BLOCK_CAPTURE_AUTORELEASING = YES;
				CLANG_WARN_BOOL_CONVERSION = YES;
				CLANG_WARN_COMMA = YES;
				CLANG_WARN_CONSTANT_CONVERSION = YES;
				CLANG_WARN_DEPRECATED_OBJC_IMPLEMENTATIONS = YES;
				CLANG_WARN_DIRECT_OBJC_ISA_USAGE = YES_ERROR;
				CLANG_WARN_DOCUMENTATION_COMMENTS = YES;
				CLANG_WARN_EMPTY_BODY = YES;
				CLANG_WARN_ENUM_CONVERSION = YES;
				CLANG_WARN_INFINITE_RECURSION = YES;
				CLANG_WARN_INT_CONVERSION = YES;
				CLANG_WARN_NON_LITERAL_NULL_CONVERSION = YES;
				CLANG_WARN_OBJC_IMPLICIT_RETAIN_SELF = YES;
				CLANG_WARN_OBJC_LITERAL_CONVERSION = YES;
				CLANG_WARN_OBJC_ROOT_CLASS = YES_ERROR;
				CLANG_WARN_RANGE_LOOP_ANALYSIS = YES;
				CLANG_WARN_STRICT_PROTOTYPES = YES;
				CLANG_WARN_SUSPICIOUS_MOVE = YES;
				CLANG_WARN_UNGUARDED_AVAILABILITY = YES_AGGRESSIVE;
				CLANG_WARN_UNREACHABLE_CODE = YES;
				CLANG_WARN__DUPLICATE_METHOD_MATCH = YES;
				COPY_PHASE_STRIP = NO;
				DEBUG_INFORMATION_FORMAT = "dwarf-with-dsym";
				ENABLE_NS_ASSERTIONS = NO;
				ENABLE_STRICT_OBJC_MSGSEND = YES;
				GCC_C_LANGUAGE_STANDARD = gnu11;
				GCC_NO_COMMON_BLOCKS = YES;
				GCC_WARN_64_TO_32_BIT_CONVERSION = YES;
				GCC_WARN_ABOUT_RETURN_TYPE = YES_ERROR;
				GCC_WARN_UNDECLARED_SELECTOR = YES;
				GCC_WARN_UNINITIALIZED_AUTOS = YES_AGGRESSIVE;
				GCC_WARN_UNUSED_FUNCTION = YES;
				GCC_WARN_UNUSED_VARIABLE = YES;
				IPHONEOS_DEPLOYMENT_TARGET = 13.2;
				MTL_ENABLE_DEBUG_INFO = NO;
				MTL_FAST_MATH = YES;
				SDKROOT = iphoneos;
				SWIFT_COMPILATION_MODE = wholemodule;
				SWIFT_OPTIMIZATION_LEVEL = "-O";
				VALIDATE_PRODUCT = YES;
			};
			name = Release;
		};
		6C00F7FE23BC0651001A72CE /* Debug */ = {
			isa = XCBuildConfiguration;
			baseConfigurationReference = 8BAE517601BFB6D5EA3C0949 /* Pods-CurrencyTracker.debug.xcconfig */;
			buildSettings = {
				ASSETCATALOG_COMPILER_APPICON_NAME = AppIcon;
				CODE_SIGN_STYLE = Automatic;
				DEVELOPMENT_TEAM = 5BCF277R26;
				INFOPLIST_FILE = CurrencyTracker/Info.plist;
				LD_RUNPATH_SEARCH_PATHS = (
					"$(inherited)",
					"@executable_path/Frameworks",
				);
				PRODUCT_BUNDLE_IDENTIFIER = com.reza.CurrencyTracker;
				PRODUCT_NAME = "$(TARGET_NAME)";
				SWIFT_VERSION = 5.0;
				TARGETED_DEVICE_FAMILY = 1;
			};
			name = Debug;
		};
		6C00F7FF23BC0651001A72CE /* Release */ = {
			isa = XCBuildConfiguration;
			baseConfigurationReference = E41A1E05E463E73EF5A0A825 /* Pods-CurrencyTracker.release.xcconfig */;
			buildSettings = {
				ASSETCATALOG_COMPILER_APPICON_NAME = AppIcon;
				CODE_SIGN_STYLE = Automatic;
				DEVELOPMENT_TEAM = 5BCF277R26;
				INFOPLIST_FILE = CurrencyTracker/Info.plist;
				LD_RUNPATH_SEARCH_PATHS = (
					"$(inherited)",
					"@executable_path/Frameworks",
				);
				PRODUCT_BUNDLE_IDENTIFIER = com.reza.CurrencyTracker;
				PRODUCT_NAME = "$(TARGET_NAME)";
				SWIFT_VERSION = 5.0;
				TARGETED_DEVICE_FAMILY = 1;
			};
			name = Release;
		};
/* End XCBuildConfiguration section */

/* Begin XCConfigurationList section */
		6C00F7E123BC064D001A72CE /* Build configuration list for PBXProject "CurrencyTracker" */ = {
			isa = XCConfigurationList;
			buildConfigurations = (
				6C00F7FB23BC0651001A72CE /* Debug */,
				6C00F7FC23BC0651001A72CE /* Release */,
			);
			defaultConfigurationIsVisible = 0;
			defaultConfigurationName = Release;
		};
		6C00F7FD23BC0651001A72CE /* Build configuration list for PBXNativeTarget "CurrencyTracker" */ = {
			isa = XCConfigurationList;
			buildConfigurations = (
				6C00F7FE23BC0651001A72CE /* Debug */,
				6C00F7FF23BC0651001A72CE /* Release */,
			);
			defaultConfigurationIsVisible = 0;
			defaultConfigurationName = Release;
		};
/* End XCConfigurationList section */

/* Begin XCVersionGroup section */
		6C00F7F223BC064D001A72CE /* CurrencyTracker.xcdatamodeld */ = {
			isa = XCVersionGroup;
			children = (
				6C00F7F323BC064D001A72CE /* CurrencyTracker.xcdatamodel */,
			);
			currentVersion = 6C00F7F323BC064D001A72CE /* CurrencyTracker.xcdatamodel */;
			path = CurrencyTracker.xcdatamodeld;
			sourceTree = "<group>";
			versionGroupType = wrapper.xcdatamodel;
		};
/* End XCVersionGroup section */
	};
	rootObject = 6C00F7DE23BC064D001A72CE /* Project object */;
}
